
Microsoft Visual Studio Solution File, Format Version 12.00
# Visual Studio Version 16
VisualStudioVersion = 16.0.30621.155
MinimumVisualStudioVersion = 10.0.40219.1
Project("{FAE04EC0-301F-11D3-BF4B-00C04F79EFBC}") = "CompletarePartner", "CompletarePartner\CompletarePartner.csproj", "{8C66CA90-16F3-4865-924D-5E8B2E7E8859}"
EndProject
Global
	GlobalSection(SolutionConfigurationPlatforms) = preSolution
		Debug|Any CPU = Debug|Any CPU
		Release|Any CPU = Release|Any CPU
	EndGlobalSection
	GlobalSection(ProjectConfigurationPlatforms) = postSolution
		{8C66CA90-16F3-4865-924D-5E8B2E7E8859}.Debug|Any CPU.ActiveCfg = Debug|Any CPU
		{8C66CA90-16F3-4865-924D-5E8B2E7E8859}.Debug|Any CPU.Build.0 = Debug|Any CPU
		{8C66CA90-16F3-4865-924D-5E8B2E7E8859}.Release|Any CPU.ActiveCfg = Release|Any CPU
		{8C66CA90-16F3-4865-924D-5E8B2E7E8859}.Release|Any CPU.Build.0 = Release|Any CPU
	EndGlobalSection
	GlobalSection(SolutionProperties) = preSolution
		HideSolutionNode = FALSE
	EndGlobalSection
	GlobalSection(ExtensibilityGlobals) = postSolution
		SolutionGuid = {0911298E-3AC0-4CCA-AA73-315EB215305E}
	EndGlobalSection
EndGlobal
